
Microsoft Visual Studio Solution File, Format Version 12.00
# Visual Studio Version 17
VisualStudioVersion = 17.4.33403.182
MinimumVisualStudioVersion = 10.0.40219.1
Project("{2150E333-8FDC-42A3-9474-1A3956D46DE8}") = "FrontEnd", "FrontEnd", "{26D05902-AEA1-4132-9398-896CA9CB6068}"
EndProject
Project("{2150E333-8FDC-42A3-9474-1A3956D46DE8}") = "Services", "Services", "{CDF0CB69-92E3-46CF-877D-4B67F91DC129}"
EndProject
Project("{9A19103F-16F7-4668-BE54-9A1E7A4F7556}") = "GeekShopping.Web", "GeekShopping.Web\GeekShopping.Web.csproj", "{2C6ABFC4-A008-4723-8378-9B29DA49BE85}"
EndProject
Project("{9A19103F-16F7-4668-BE54-9A1E7A4F7556}") = "GeekShopping.ProductAPI", "GeekShopping.ProductAPI\GeekShopping.ProductAPI.csproj", "{2CAE49F3-3062-48E7-BDEB-0AE8D3F1BB0A}"
EndProject
Project("{9A19103F-16F7-4668-BE54-9A1E7A4F7556}") = "GeekShopping.IdentityServer", "GeekShopping.IdentityServer\GeekShopping.IdentityServer.csproj", "{AABEC3E4-C121-4AA9-A5A5-7D933FD112B3}"
EndProject
Project("{9A19103F-16F7-4668-BE54-9A1E7A4F7556}") = "GeekShopping.CartAPI", "GeekShoppinh.CartAPI\GeekShopping.CartAPI.csproj", "{0D7132E9-B7E1-49F0-BCC7-96C19227152B}"
EndProject
Project("{9A19103F-16F7-4668-BE54-9A1E7A4F7556}") = "GeekShopping.CouponAPI", "GeekShopping.CouponAPI\GeekShopping.CouponAPI.csproj", "{5F7E8033-F911-4375-BD2C-CB4414D462E4}"
EndProject
Global
	GlobalSection(SolutionConfigurationPlatforms) = preSolution
		Debug|Any CPU = Debug|Any CPU
		Release|Any CPU = Release|Any CPU
	EndGlobalSection
	GlobalSection(ProjectConfigurationPlatforms) = postSolution
		{2C6ABFC4-A008-4723-8378-9B29DA49BE85}.Debug|Any CPU.ActiveCfg = Debug|Any CPU
		{2C6ABFC4-A008-4723-8378-9B29DA49BE85}.Debug|Any CPU.Build.0 = Debug|Any CPU
		{2C6ABFC4-A008-4723-8378-9B29DA49BE85}.Release|Any CPU.ActiveCfg = Release|Any CPU
		{2C6ABFC4-A008-4723-8378-9B29DA49BE85}.Release|Any CPU.Build.0 = Release|Any CPU
		{2CAE49F3-3062-48E7-BDEB-0AE8D3F1BB0A}.Debug|Any CPU.ActiveCfg = Debug|Any CPU
		{2CAE49F3-3062-48E7-BDEB-0AE8D3F1BB0A}.Debug|Any CPU.Build.0 = Debug|Any CPU
		{2CAE49F3-3062-48E7-BDEB-0AE8D3F1BB0A}.Release|Any CPU.ActiveCfg = Release|Any CPU
		{2CAE49F3-3062-48E7-BDEB-0AE8D3F1BB0A}.Release|Any CPU.Build.0 = Release|Any CPU
		{AABEC3E4-C121-4AA9-A5A5-7D933FD112B3}.Debug|Any CPU.ActiveCfg = Debug|Any CPU
		{AABEC3E4-C121-4AA9-A5A5-7D933FD112B3}.Debug|Any CPU.Build.0 = Debug|Any CPU
		{AABEC3E4-C121-4AA9-A5A5-7D933FD112B3}.Release|Any CPU.ActiveCfg = Release|Any CPU
		{AABEC3E4-C121-4AA9-A5A5-7D933FD112B3}.Release|Any CPU.Build.0 = Release|Any CPU
		{0D7132E9-B7E1-49F0-BCC7-96C19227152B}.Debug|Any CPU.ActiveCfg = Debug|Any CPU
		{0D7132E9-B7E1-49F0-BCC7-96C19227152B}.Debug|Any CPU.Build.0 = Debug|Any CPU
		{0D7132E9-B7E1-49F0-BCC7-96C19227152B}.Release|Any CPU.ActiveCfg = Release|Any CPU
		{0D7132E9-B7E1-49F0-BCC7-96C19227152B}.Release|Any CPU.Build.0 = Release|Any CPU
		{5F7E8033-F911-4375-BD2C-CB4414D462E4}.Debug|Any CPU.ActiveCfg = Debug|Any CPU
		{5F7E8033-F911-4375-BD2C-CB4414D462E4}.Debug|Any CPU.Build.0 = Debug|Any CPU
		{5F7E8033-F911-4375-BD2C-CB4414D462E4}.Release|Any CPU.ActiveCfg = Release|Any CPU
		{5F7E8033-F911-4375-BD2C-CB4414D462E4}.Release|Any CPU.Build.0 = Release|Any CPU
	EndGlobalSection
	GlobalSection(SolutionProperties) = preSolution
		HideSolutionNode = FALSE
	EndGlobalSection
	GlobalSection(NestedProjects) = preSolution
		{2C6ABFC4-A008-4723-8378-9B29DA49BE85} = {26D05902-AEA1-4132-9398-896CA9CB6068}
		{2CAE49F3-3062-48E7-BDEB-0AE8D3F1BB0A} = {CDF0CB69-92E3-46CF-877D-4B67F91DC129}
		{AABEC3E4-C121-4AA9-A5A5-7D933FD112B3} = {CDF0CB69-92E3-46CF-877D-4B67F91DC129}
		{0D7132E9-B7E1-49F0-BCC7-96C19227152B} = {CDF0CB69-92E3-46CF-877D-4B67F91DC129}
		{5F7E8033-F911-4375-BD2C-CB4414D462E4} = {CDF0CB69-92E3-46CF-877D-4B67F91DC129}
	EndGlobalSection
	GlobalSection(ExtensibilityGlobals) = postSolution
		SolutionGuid = {C192A123-A195-44E9-BA3F-CBB6454805AF}
	EndGlobalSection
EndGlobal
